
Microsoft Visual Studio Solution File, Format Version 12.00
# Visual Studio 2013
VisualStudioVersion = 12.0.30723.0
MinimumVisualStudioVersion = 10.0.40219.1
Project("{FAE04EC0-301F-11D3-BF4B-00C04F79EFBC}") = "tstChaveAssimetrica", "tstChaveAssimetrica\tstChaveAssimetrica.csproj", "{9D4BDA7E-C4F8-4965-A710-B073B055F0C4}"
EndProject
Project("{FAE04EC0-301F-11D3-BF4B-00C04F79EFBC}") = "Lib", "Lib\Lib.csproj", "{F5CC1CA7-5524-4D47-B101-0F369CEB39D7}"
EndProject
Global
	GlobalSection(SolutionConfigurationPlatforms) = preSolution
		Debug|Any CPU = Debug|Any CPU
		Release|Any CPU = Release|Any CPU
	EndGlobalSection
	GlobalSection(ProjectConfigurationPlatforms) = postSolution
		{9D4BDA7E-C4F8-4965-A710-B073B055F0C4}.Debug|Any CPU.ActiveCfg = Debug|Any CPU
		{9D4BDA7E-C4F8-4965-A710-B073B055F0C4}.Debug|Any CPU.Build.0 = Debug|Any CPU
		{9D4BDA7E-C4F8-4965-A710-B073B055F0C4}.Release|Any CPU.ActiveCfg = Release|Any CPU
		{9D4BDA7E-C4F8-4965-A710-B073B055F0C4}.Release|Any CPU.Build.0 = Release|Any CPU
		{F5CC1CA7-5524-4D47-B101-0F369CEB39D7}.Debug|Any CPU.ActiveCfg = Debug|Any CPU
		{F5CC1CA7-5524-4D47-B101-0F369CEB39D7}.Debug|Any CPU.Build.0 = Debug|Any CPU
		{F5CC1CA7-5524-4D47-B101-0F369CEB39D7}.Release|Any CPU.ActiveCfg = Release|Any CPU
		{F5CC1CA7-5524-4D47-B101-0F369CEB39D7}.Release|Any CPU.Build.0 = Release|Any CPU
	EndGlobalSection
	GlobalSection(SolutionProperties) = preSolution
		HideSolutionNode = FALSE
	EndGlobalSection
EndGlobal
